
Microsoft Visual Studio Solution File, Format Version 12.00
# Visual Studio Version 17
Project("{8BC9CEB8-8B4A-11D0-8D11-00A0C91BC942}") = "ALL_BUILD", "ALL_BUILD.vcxproj", "{B2C54395-D85A-3586-AC7C-3216D8213788}"
	ProjectSection(ProjectDependencies) = postProject
		{91A38C7C-CD8B-3AA9-9239-C6A0B94D0530} = {91A38C7C-CD8B-3AA9-9239-C6A0B94D0530}
		{2BD05BA4-23DC-383D-BE65-BA670B1FF337} = {2BD05BA4-23DC-383D-BE65-BA670B1FF337}
	EndProjectSection
EndProject
Project("{8BC9CEB8-8B4A-11D0-8D11-00A0C91BC942}") = "ZERO_CHECK", "ZERO_CHECK.vcxproj", "{91A38C7C-CD8B-3AA9-9239-C6A0B94D0530}"
	ProjectSection(ProjectDependencies) = postProject
	EndProjectSection
EndProject
Project("{8BC9CEB8-8B4A-11D0-8D11-00A0C91BC942}") = "opal", "opal.vcxproj", "{2BD05BA4-23DC-383D-BE65-BA670B1FF337}"
	ProjectSection(ProjectDependencies) = postProject
		{91A38C7C-CD8B-3AA9-9239-C6A0B94D0530} = {91A38C7C-CD8B-3AA9-9239-C6A0B94D0530}
	EndProjectSection
EndProject
Global
	GlobalSection(SolutionConfigurationPlatforms) = preSolution
		Debug|x64 = Debug|x64
		Release|x64 = Release|x64
		MinSizeRel|x64 = MinSizeRel|x64
		RelWithDebInfo|x64 = RelWithDebInfo|x64
	EndGlobalSection
	GlobalSection(ProjectConfigurationPlatforms) = postSolution
		{B2C54395-D85A-3586-AC7C-3216D8213788}.Debug|x64.ActiveCfg = Debug|x64
		{B2C54395-D85A-3586-AC7C-3216D8213788}.Release|x64.ActiveCfg = Release|x64
		{B2C54395-D85A-3586-AC7C-3216D8213788}.MinSizeRel|x64.ActiveCfg = MinSizeRel|x64
		{B2C54395-D85A-3586-AC7C-3216D8213788}.RelWithDebInfo|x64.ActiveCfg = RelWithDebInfo|x64
		{91A38C7C-CD8B-3AA9-9239-C6A0B94D0530}.Debug|x64.ActiveCfg = Debug|x64
		{91A38C7C-CD8B-3AA9-9239-C6A0B94D0530}.Debug|x64.Build.0 = Debug|x64
		{91A38C7C-CD8B-3AA9-9239-C6A0B94D0530}.Release|x64.ActiveCfg = Release|x64
		{91A38C7C-CD8B-3AA9-9239-C6A0B94D0530}.Release|x64.Build.0 = Release|x64
		{91A38C7C-CD8B-3AA9-9239-C6A0B94D0530}.MinSizeRel|x64.ActiveCfg = MinSizeRel|x64
		{91A38C7C-CD8B-3AA9-9239-C6A0B94D0530}.MinSizeRel|x64.Build.0 = MinSizeRel|x64
		{91A38C7C-CD8B-3AA9-9239-C6A0B94D0530}.RelWithDebInfo|x64.ActiveCfg = RelWithDebInfo|x64
		{91A38C7C-CD8B-3AA9-9239-C6A0B94D0530}.RelWithDebInfo|x64.Build.0 = RelWithDebInfo|x64
		{2BD05BA4-23DC-383D-BE65-BA670B1FF337}.Debug|x64.ActiveCfg = Debug|x64
		{2BD05BA4-23DC-383D-BE65-BA670B1FF337}.Debug|x64.Build.0 = Debug|x64
		{2BD05BA4-23DC-383D-BE65-BA670B1FF337}.Release|x64.ActiveCfg = Release|x64
		{2BD05BA4-23DC-383D-BE65-BA670B1FF337}.Release|x64.Build.0 = Release|x64
		{2BD05BA4-23DC-383D-BE65-BA670B1FF337}.MinSizeRel|x64.ActiveCfg = MinSizeRel|x64
		{2BD05BA4-23DC-383D-BE65-BA670B1FF337}.MinSizeRel|x64.Build.0 = MinSizeRel|x64
		{2BD05BA4-23DC-383D-BE65-BA670B1FF337}.RelWithDebInfo|x64.ActiveCfg = RelWithDebInfo|x64
		{2BD05BA4-23DC-383D-BE65-BA670B1FF337}.RelWithDebInfo|x64.Build.0 = RelWithDebInfo|x64
	EndGlobalSection
	GlobalSection(ExtensibilityGlobals) = postSolution
		SolutionGuid = {139AE0D5-BFD4-34AF-8D76-14E8145421A1}
	EndGlobalSection
	GlobalSection(ExtensibilityAddIns) = postSolution
	EndGlobalSection
EndGlobal
