
Microsoft Visual Studio Solution File, Format Version 12.00
# Visual Studio Version 17
Project("{8BC9CEB8-8B4A-11D0-8D11-00A0C91BC942}") = "ALL_BUILD", "ALL_BUILD.vcxproj", "{0DE26B49-DB90-321C-9000-B4DE4E93849A}"
	ProjectSection(ProjectDependencies) = postProject
		{8845D583-9600-3616-8F9E-B917E22734D4} = {8845D583-9600-3616-8F9E-B917E22734D4}
		{F9228AB8-8307-3B3B-8CA3-E37C45CE1327} = {F9228AB8-8307-3B3B-8CA3-E37C45CE1327}
	EndProjectSection
EndProject
Project("{8BC9CEB8-8B4A-11D0-8D11-00A0C91BC942}") = "ZERO_CHECK", "ZERO_CHECK.vcxproj", "{8845D583-9600-3616-8F9E-B917E22734D4}"
	ProjectSection(ProjectDependencies) = postProject
	EndProjectSection
EndProject
Project("{8BC9CEB8-8B4A-11D0-8D11-00A0C91BC942}") = "opal", "opal.vcxproj", "{F9228AB8-8307-3B3B-8CA3-E37C45CE1327}"
	ProjectSection(ProjectDependencies) = postProject
		{8845D583-9600-3616-8F9E-B917E22734D4} = {8845D583-9600-3616-8F9E-B917E22734D4}
	EndProjectSection
EndProject
Global
	GlobalSection(SolutionConfigurationPlatforms) = preSolution
		Debug|x64 = Debug|x64
		Release|x64 = Release|x64
		MinSizeRel|x64 = MinSizeRel|x64
		RelWithDebInfo|x64 = RelWithDebInfo|x64
	EndGlobalSection
	GlobalSection(ProjectConfigurationPlatforms) = postSolution
		{0DE26B49-DB90-321C-9000-B4DE4E93849A}.Debug|x64.ActiveCfg = Debug|x64
		{0DE26B49-DB90-321C-9000-B4DE4E93849A}.Release|x64.ActiveCfg = Release|x64
		{0DE26B49-DB90-321C-9000-B4DE4E93849A}.MinSizeRel|x64.ActiveCfg = MinSizeRel|x64
		{0DE26B49-DB90-321C-9000-B4DE4E93849A}.RelWithDebInfo|x64.ActiveCfg = RelWithDebInfo|x64
		{8845D583-9600-3616-8F9E-B917E22734D4}.Debug|x64.ActiveCfg = Debug|x64
		{8845D583-9600-3616-8F9E-B917E22734D4}.Debug|x64.Build.0 = Debug|x64
		{8845D583-9600-3616-8F9E-B917E22734D4}.Release|x64.ActiveCfg = Release|x64
		{8845D583-9600-3616-8F9E-B917E22734D4}.Release|x64.Build.0 = Release|x64
		{8845D583-9600-3616-8F9E-B917E22734D4}.MinSizeRel|x64.ActiveCfg = MinSizeRel|x64
		{8845D583-9600-3616-8F9E-B917E22734D4}.MinSizeRel|x64.Build.0 = MinSizeRel|x64
		{8845D583-9600-3616-8F9E-B917E22734D4}.RelWithDebInfo|x64.ActiveCfg = RelWithDebInfo|x64
		{8845D583-9600-3616-8F9E-B917E22734D4}.RelWithDebInfo|x64.Build.0 = RelWithDebInfo|x64
		{F9228AB8-8307-3B3B-8CA3-E37C45CE1327}.Debug|x64.ActiveCfg = Debug|x64
		{F9228AB8-8307-3B3B-8CA3-E37C45CE1327}.Debug|x64.Build.0 = Debug|x64
		{F9228AB8-8307-3B3B-8CA3-E37C45CE1327}.Release|x64.ActiveCfg = Release|x64
		{F9228AB8-8307-3B3B-8CA3-E37C45CE1327}.Release|x64.Build.0 = Release|x64
		{F9228AB8-8307-3B3B-8CA3-E37C45CE1327}.MinSizeRel|x64.ActiveCfg = MinSizeRel|x64
		{F9228AB8-8307-3B3B-8CA3-E37C45CE1327}.MinSizeRel|x64.Build.0 = MinSizeRel|x64
		{F9228AB8-8307-3B3B-8CA3-E37C45CE1327}.RelWithDebInfo|x64.ActiveCfg = RelWithDebInfo|x64
		{F9228AB8-8307-3B3B-8CA3-E37C45CE1327}.RelWithDebInfo|x64.Build.0 = RelWithDebInfo|x64
	EndGlobalSection
	GlobalSection(ExtensibilityGlobals) = postSolution
		SolutionGuid = {450F7E16-98B5-3AE0-A5FF-0FF70E6A8238}
	EndGlobalSection
	GlobalSection(ExtensibilityAddIns) = postSolution
	EndGlobalSection
EndGlobal
