<?xml version="1.0" encoding="utf-8"?>
<Project ToolsVersion="17.0" xmlns="http://schemas.microsoft.com/developer/msbuild/2003">
  <ItemGroup>
    <CustomBuild Include="C:\Dev\Projects\opal\CMakeFiles\a762e13f5b4fbdde9f74d9ec9da01352\generate.stamp.rule">
      <Filter>CMake Rules</Filter>
    </CustomBuild>
  </ItemGroup>
  <ItemGroup>
    <Filter Include="CMake Rules">
      <UniqueIdentifier>{65E1F65C-18A6-31E7-BF72-A99A20701343}</UniqueIdentifier>
    </Filter>
  </ItemGroup>
</Project>
