<?xml version="1.0" encoding="utf-8"?>
<Project ToolsVersion="17.0" xmlns="http://schemas.microsoft.com/developer/msbuild/2003">
  <ItemGroup>
    <CustomBuild Include="C:\Users\Alex\Desktop\opal\CMakeFiles\e77d0e90e87c8f08f3d54e230a1adeeb\generate.stamp.rule">
      <Filter>CMake Rules</Filter>
    </CustomBuild>
  </ItemGroup>
  <ItemGroup>
    <Filter Include="CMake Rules">
      <UniqueIdentifier>{DAF8AD65-78F2-3DBF-B838-E55341E04BDB}</UniqueIdentifier>
    </Filter>
  </ItemGroup>
</Project>
